
Microsoft Visual Studio Solution File, Format Version 10.00
# Visual Studio 2008
Project("{FAE04EC0-301F-11D3-BF4B-00C04F79EFBC}") = "Part0.NakedMVVM", "Part0.NakedMVVM\Part0.NakedMVVM.csproj", "{A3F7BA6D-14BD-4CF5-8E33-24A65786C98C}"
EndProject
Project("{FAE04EC0-301F-11D3-BF4B-00C04F79EFBC}") = "Part1.SimpleApp", "Part1.SimpleApp\Part1.SimpleApp.csproj", "{E8405B85-D7CE-4A29-AC19-388DF8B00E2E}"
EndProject
Project("{FAE04EC0-301F-11D3-BF4B-00C04F79EFBC}") = "Part1.Tweaks", "Part1.Tweaks\Part1.Tweaks.csproj", "{974B188E-698B-4021-9817-6237B0C75399}"
EndProject
Project("{FAE04EC0-301F-11D3-BF4B-00C04F79EFBC}") = "Part2.CaliburnDemo", "Part2.CaliburnDemo\Part2.CaliburnDemo.csproj", "{C709981B-74BE-450B-B673-1DCF7324B637}"
EndProject
Project("{FAE04EC0-301F-11D3-BF4B-00C04F79EFBC}") = "Part3.CaliburnTestability", "Part3.CaliburnTestability\Part3.CaliburnTestability.csproj", "{BCAE020A-20FA-478B-BCAC-8B3EEA05C220}"
EndProject
Project("{FAE04EC0-301F-11D3-BF4B-00C04F79EFBC}") = "Part4.MixIt", "Part4.MixItUp\Part4.MixIt.csproj", "{D78B00D4-1631-4211-BBA2-C6CEC35FEB41}"
EndProject
Global
	GlobalSection(SolutionConfigurationPlatforms) = preSolution
		Debug|Any CPU = Debug|Any CPU
		Release|Any CPU = Release|Any CPU
	EndGlobalSection
	GlobalSection(ProjectConfigurationPlatforms) = postSolution
		{A3F7BA6D-14BD-4CF5-8E33-24A65786C98C}.Debug|Any CPU.ActiveCfg = Debug|Any CPU
		{A3F7BA6D-14BD-4CF5-8E33-24A65786C98C}.Debug|Any CPU.Build.0 = Debug|Any CPU
		{A3F7BA6D-14BD-4CF5-8E33-24A65786C98C}.Release|Any CPU.ActiveCfg = Release|Any CPU
		{A3F7BA6D-14BD-4CF5-8E33-24A65786C98C}.Release|Any CPU.Build.0 = Release|Any CPU
		{E8405B85-D7CE-4A29-AC19-388DF8B00E2E}.Debug|Any CPU.ActiveCfg = Debug|Any CPU
		{E8405B85-D7CE-4A29-AC19-388DF8B00E2E}.Debug|Any CPU.Build.0 = Debug|Any CPU
		{E8405B85-D7CE-4A29-AC19-388DF8B00E2E}.Release|Any CPU.ActiveCfg = Release|Any CPU
		{E8405B85-D7CE-4A29-AC19-388DF8B00E2E}.Release|Any CPU.Build.0 = Release|Any CPU
		{974B188E-698B-4021-9817-6237B0C75399}.Debug|Any CPU.ActiveCfg = Debug|Any CPU
		{974B188E-698B-4021-9817-6237B0C75399}.Debug|Any CPU.Build.0 = Debug|Any CPU
		{974B188E-698B-4021-9817-6237B0C75399}.Release|Any CPU.ActiveCfg = Release|Any CPU
		{974B188E-698B-4021-9817-6237B0C75399}.Release|Any CPU.Build.0 = Release|Any CPU
		{C709981B-74BE-450B-B673-1DCF7324B637}.Debug|Any CPU.ActiveCfg = Debug|Any CPU
		{C709981B-74BE-450B-B673-1DCF7324B637}.Debug|Any CPU.Build.0 = Debug|Any CPU
		{C709981B-74BE-450B-B673-1DCF7324B637}.Release|Any CPU.ActiveCfg = Release|Any CPU
		{C709981B-74BE-450B-B673-1DCF7324B637}.Release|Any CPU.Build.0 = Release|Any CPU
		{BCAE020A-20FA-478B-BCAC-8B3EEA05C220}.Debug|Any CPU.ActiveCfg = Debug|Any CPU
		{BCAE020A-20FA-478B-BCAC-8B3EEA05C220}.Debug|Any CPU.Build.0 = Debug|Any CPU
		{BCAE020A-20FA-478B-BCAC-8B3EEA05C220}.Release|Any CPU.ActiveCfg = Release|Any CPU
		{BCAE020A-20FA-478B-BCAC-8B3EEA05C220}.Release|Any CPU.Build.0 = Release|Any CPU
		{D78B00D4-1631-4211-BBA2-C6CEC35FEB41}.Debug|Any CPU.ActiveCfg = Debug|Any CPU
		{D78B00D4-1631-4211-BBA2-C6CEC35FEB41}.Debug|Any CPU.Build.0 = Debug|Any CPU
		{D78B00D4-1631-4211-BBA2-C6CEC35FEB41}.Release|Any CPU.ActiveCfg = Release|Any CPU
		{D78B00D4-1631-4211-BBA2-C6CEC35FEB41}.Release|Any CPU.Build.0 = Release|Any CPU
	EndGlobalSection
	GlobalSection(SolutionProperties) = preSolution
		HideSolutionNode = FALSE
	EndGlobalSection
	GlobalSection(ExtensibilityGlobals) = postSolution
		VisualSVNWorkingCopyRoot = .
	EndGlobalSection
EndGlobal
